
Microsoft Visual Studio Solution File, Format Version 12.00
# Visual Studio 2013
VisualStudioVersion = 12.0.40629.0
MinimumVisualStudioVersion = 10.0.40219.1
Project("{8BC9CEB8-8B4A-11D0-8D11-00A0C91BC942}") = "libobs", "libobs\libobs.vcxproj", "{FB14F684-C4C6-413A-8030-B225218A9FF4}"
	ProjectSection(ProjectDependencies) = postProject
		{63AC4BAC-8518-4406-B6D4-A90C58429A9B} = {63AC4BAC-8518-4406-B6D4-A90C58429A9B}
		{B5810ED8-6B78-372C-8219-E69F2930D198} = {B5810ED8-6B78-372C-8219-E69F2930D198}
	EndProjectSection
EndProject
Project("{8BC9CEB8-8B4A-11D0-8D11-00A0C91BC942}") = "libobs-d3d11", "libobs-d3d11\libobs-d3d11.vcxproj", "{A0E7753D-01E9-46DE-A0DD-EEE269D785BA}"
	ProjectSection(ProjectDependencies) = postProject
		{FB14F684-C4C6-413A-8030-B225218A9FF4} = {FB14F684-C4C6-413A-8030-B225218A9FF4}
	EndProjectSection
EndProject
Project("{8BC9CEB8-8B4A-11D0-8D11-00A0C91BC942}") = "libobs-opengl", "libobs-opengl\libobs-opengl.vcxproj", "{DF8C105F-C6A9-4799-B008-5410D5F3FEFF}"
	ProjectSection(ProjectDependencies) = postProject
		{FB14F684-C4C6-413A-8030-B225218A9FF4} = {FB14F684-C4C6-413A-8030-B225218A9FF4}
		{C48C27FD-D45C-369A-99B3-9EC9AB0EFCEA} = {C48C27FD-D45C-369A-99B3-9EC9AB0EFCEA}
	EndProjectSection
EndProject
Project("{2150E333-8FDC-42A3-9474-1A3956D46DE8}") = "obs", "obs", "{261E18AF-21A7-4C7A-B955-52B628CE2408}"
EndProject
Project("{2150E333-8FDC-42A3-9474-1A3956D46DE8}") = "obs-deps", "obs-deps", "{4EC13F7A-87CF-4C0B-A74B-B418D6651639}"
EndProject
Project("{8BC9CEB8-8B4A-11D0-8D11-00A0C91BC942}") = "file-updater", "deps\file-updater\file-updater.vcxproj", "{D11A0514-CD6E-499C-99DC-25A0A07311FD}"
EndProject
Project("{8BC9CEB8-8B4A-11D0-8D11-00A0C91BC942}") = "glad", "deps\glad\glad.vcxproj", "{C48C27FD-D45C-369A-99B3-9EC9AB0EFCEA}"
EndProject
Project("{8BC9CEB8-8B4A-11D0-8D11-00A0C91BC942}") = "ipc-util", "deps\ipc-util\ipc-util.vcxproj", "{487E64C1-5DBE-4CD4-859E-EEA746DCAB5E}"
EndProject
Project("{8BC9CEB8-8B4A-11D0-8D11-00A0C91BC942}") = "jansson", "deps\jansson\jansson.vcxproj", "{63AC4BAC-8518-4406-B6D4-A90C58429A9B}"
EndProject
Project("{8BC9CEB8-8B4A-11D0-8D11-00A0C91BC942}") = "libff", "deps\libff\libff.vcxproj", "{BAB581F8-8202-4C84-8487-40913ABBAAD1}"
EndProject
Project("{8BC9CEB8-8B4A-11D0-8D11-00A0C91BC942}") = "media-playback", "deps\media-playback\media-playback.vcxproj", "{C83BC2B6-71FE-4698-9E9C-7C768C208F96}"
EndProject
Project("{8BC9CEB8-8B4A-11D0-8D11-00A0C91BC942}") = "w32-pthreads", "deps\w32-pthreads\w32-pthreads.vcxproj", "{B5810ED8-6B78-372C-8219-E69F2930D198}"
EndProject
Project("{2150E333-8FDC-42A3-9474-1A3956D46DE8}") = "obs-plugins", "obs-plugins", "{06ADD507-160E-40E4-BFE3-01488D6E06E3}"
EndProject
Project("{8BC9CEB8-8B4A-11D0-8D11-00A0C91BC942}") = "coreaudio-encoder", "plugins\coreaudio-encoder\coreaudio-encoder.vcxproj", "{C2907DDF-9167-470E-9B98-F5763D6642B4}"
	ProjectSection(ProjectDependencies) = postProject
		{FB14F684-C4C6-413A-8030-B225218A9FF4} = {FB14F684-C4C6-413A-8030-B225218A9FF4}
	EndProjectSection
EndProject
Project("{8BC9CEB8-8B4A-11D0-8D11-00A0C91BC942}") = "obs-ffmpeg", "plugins\obs-ffmpeg\obs-ffmpeg.vcxproj", "{8D4CD91E-DDE3-4474-9BE0-7F7D3CE7A76C}"
	ProjectSection(ProjectDependencies) = postProject
		{FB14F684-C4C6-413A-8030-B225218A9FF4} = {FB14F684-C4C6-413A-8030-B225218A9FF4}
		{C83BC2B6-71FE-4698-9E9C-7C768C208F96} = {C83BC2B6-71FE-4698-9E9C-7C768C208F96}
		{B5810ED8-6B78-372C-8219-E69F2930D198} = {B5810ED8-6B78-372C-8219-E69F2930D198}
	EndProjectSection
EndProject
Project("{8BC9CEB8-8B4A-11D0-8D11-00A0C91BC942}") = "obs-filters", "plugins\obs-filters\obs-filters.vcxproj", "{5401D306-1B7D-4F8E-BFFF-399F790B350A}"
	ProjectSection(ProjectDependencies) = postProject
		{FB14F684-C4C6-413A-8030-B225218A9FF4} = {FB14F684-C4C6-413A-8030-B225218A9FF4}
		{B5810ED8-6B78-372C-8219-E69F2930D198} = {B5810ED8-6B78-372C-8219-E69F2930D198}
	EndProjectSection
EndProject
Project("{8BC9CEB8-8B4A-11D0-8D11-00A0C91BC942}") = "obs-outputs", "plugins\obs-outputs\obs-outputs.vcxproj", "{B4C83B2D-0349-488A-A7B3-90947C096586}"
	ProjectSection(ProjectDependencies) = postProject
		{FB14F684-C4C6-413A-8030-B225218A9FF4} = {FB14F684-C4C6-413A-8030-B225218A9FF4}
		{63AC4BAC-8518-4406-B6D4-A90C58429A9B} = {63AC4BAC-8518-4406-B6D4-A90C58429A9B}
		{B5810ED8-6B78-372C-8219-E69F2930D198} = {B5810ED8-6B78-372C-8219-E69F2930D198}
	EndProjectSection
EndProject
Project("{8BC9CEB8-8B4A-11D0-8D11-00A0C91BC942}") = "obs-x264", "plugins\obs-x264\obs-x264.vcxproj", "{96953281-5450-4347-8DA4-2DAC3FCB93ED}"
	ProjectSection(ProjectDependencies) = postProject
		{FB14F684-C4C6-413A-8030-B225218A9FF4} = {FB14F684-C4C6-413A-8030-B225218A9FF4}
	EndProjectSection
EndProject
Project("{8BC9CEB8-8B4A-11D0-8D11-00A0C91BC942}") = "rtmp-services", "plugins\rtmp-services\rtmp-services.vcxproj", "{13E4B0D2-D37F-4428-8EB2-6FBCAC015306}"
	ProjectSection(ProjectDependencies) = postProject
		{D11A0514-CD6E-499C-99DC-25A0A07311FD} = {D11A0514-CD6E-499C-99DC-25A0A07311FD}
		{FB14F684-C4C6-413A-8030-B225218A9FF4} = {FB14F684-C4C6-413A-8030-B225218A9FF4}
		{63AC4BAC-8518-4406-B6D4-A90C58429A9B} = {63AC4BAC-8518-4406-B6D4-A90C58429A9B}
		{B5810ED8-6B78-372C-8219-E69F2930D198} = {B5810ED8-6B78-372C-8219-E69F2930D198}
	EndProjectSection
EndProject
Project("{8BC9CEB8-8B4A-11D0-8D11-00A0C91BC942}") = "win-capture", "plugins\win-capture\win-capture.vcxproj", "{6A27DDFA-1D45-45E6-940E-5A6915C8EEEA}"
	ProjectSection(ProjectDependencies) = postProject
		{FB14F684-C4C6-413A-8030-B225218A9FF4} = {FB14F684-C4C6-413A-8030-B225218A9FF4}
		{487E64C1-5DBE-4CD4-859E-EEA746DCAB5E} = {487E64C1-5DBE-4CD4-859E-EEA746DCAB5E}
	EndProjectSection
EndProject
Project("{8BC9CEB8-8B4A-11D0-8D11-00A0C91BC942}") = "win-wasapi", "plugins\win-wasapi\win-wasapi.vcxproj", "{49374796-38C8-437C-9064-935460189326}"
	ProjectSection(ProjectDependencies) = postProject
		{FB14F684-C4C6-413A-8030-B225218A9FF4} = {FB14F684-C4C6-413A-8030-B225218A9FF4}
	EndProjectSection
EndProject
Project("{8BC9CEB8-8B4A-11D0-8D11-00A0C91BC942}") = "obs-transitions", "plugins\obs-transitions\obs-transitions.vcxproj", "{06F3103F-4D65-44F1-A295-C90B7BBEDFB8}"
	ProjectSection(ProjectDependencies) = postProject
		{FB14F684-C4C6-413A-8030-B225218A9FF4} = {FB14F684-C4C6-413A-8030-B225218A9FF4}
	EndProjectSection
EndProject
Project("{8BC9CEB8-8B4A-11D0-8D11-00A0C91BC942}") = "zdtalkrecorder", "zdtalkrecorder\zdtalkrecorder.vcxproj", "{B12702AD-ABFB-343A-A199-8E24837244A3}"
	ProjectSection(ProjectDependencies) = postProject
		{FB14F684-C4C6-413A-8030-B225218A9FF4} = {FB14F684-C4C6-413A-8030-B225218A9FF4}
	EndProjectSection
EndProject
Project("{8BC9CEB8-8B4A-11D0-8D11-00A0C91BC942}") = "ffmpeg-mux", "plugins\obs-ffmpeg\ffmpeg-mux\ffmpeg-mux.vcxproj", "{95BACE40-142E-4737-BF5C-BE9E0962A6E9}"
EndProject
Project("{8BC9CEB8-8B4A-11D0-8D11-00A0C91BC942}") = "get-graphics-offsets", "plugins\win-capture\get-graphics-offsets\get-graphics-offsets.vcxproj", "{4753D094-773D-43B1-82B7-9AAE76A52306}"
EndProject
Project("{8BC9CEB8-8B4A-11D0-8D11-00A0C91BC942}") = "graphics-hook", "plugins\win-capture\graphics-hook\graphics-hook.vcxproj", "{1A6FB300-9A9B-4758-9C8F-DA0CA089749C}"
	ProjectSection(ProjectDependencies) = postProject
		{487E64C1-5DBE-4CD4-859E-EEA746DCAB5E} = {487E64C1-5DBE-4CD4-859E-EEA746DCAB5E}
	EndProjectSection
EndProject
Project("{8BC9CEB8-8B4A-11D0-8D11-00A0C91BC942}") = "inject-helper", "plugins\win-capture\inject-helper\inject-helper.vcxproj", "{7931BB7C-D5B8-483E-B713-F871F580969D}"
EndProject
Project("{8BC9CEB8-8B4A-11D0-8D11-00A0C91BC942}") = "obs-qsv11", "plugins\obs-qsv11\obs-qsv11.vcxproj", "{B7C4ADA6-A494-4630-889A-547388EB8157}"
	ProjectSection(ProjectDependencies) = postProject
		{FB14F684-C4C6-413A-8030-B225218A9FF4} = {FB14F684-C4C6-413A-8030-B225218A9FF4}
	EndProjectSection
EndProject
Global
	GlobalSection(SolutionConfigurationPlatforms) = preSolution
		Debug|Win32 = Debug|Win32
		Release|Win32 = Release|Win32
	EndGlobalSection
	GlobalSection(ProjectConfigurationPlatforms) = postSolution
		{FB14F684-C4C6-413A-8030-B225218A9FF4}.Debug|Win32.ActiveCfg = Debug|Win32
		{FB14F684-C4C6-413A-8030-B225218A9FF4}.Debug|Win32.Build.0 = Debug|Win32
		{FB14F684-C4C6-413A-8030-B225218A9FF4}.Release|Win32.ActiveCfg = Release|Win32
		{FB14F684-C4C6-413A-8030-B225218A9FF4}.Release|Win32.Build.0 = Release|Win32
		{A0E7753D-01E9-46DE-A0DD-EEE269D785BA}.Debug|Win32.ActiveCfg = Debug|Win32
		{A0E7753D-01E9-46DE-A0DD-EEE269D785BA}.Debug|Win32.Build.0 = Debug|Win32
		{A0E7753D-01E9-46DE-A0DD-EEE269D785BA}.Release|Win32.ActiveCfg = Release|Win32
		{A0E7753D-01E9-46DE-A0DD-EEE269D785BA}.Release|Win32.Build.0 = Release|Win32
		{DF8C105F-C6A9-4799-B008-5410D5F3FEFF}.Debug|Win32.ActiveCfg = Debug|Win32
		{DF8C105F-C6A9-4799-B008-5410D5F3FEFF}.Debug|Win32.Build.0 = Debug|Win32
		{DF8C105F-C6A9-4799-B008-5410D5F3FEFF}.Release|Win32.ActiveCfg = Release|Win32
		{DF8C105F-C6A9-4799-B008-5410D5F3FEFF}.Release|Win32.Build.0 = Release|Win32
		{D11A0514-CD6E-499C-99DC-25A0A07311FD}.Debug|Win32.ActiveCfg = Debug|Win32
		{D11A0514-CD6E-499C-99DC-25A0A07311FD}.Debug|Win32.Build.0 = Debug|Win32
		{D11A0514-CD6E-499C-99DC-25A0A07311FD}.Release|Win32.ActiveCfg = Release|Win32
		{D11A0514-CD6E-499C-99DC-25A0A07311FD}.Release|Win32.Build.0 = Release|Win32
		{C48C27FD-D45C-369A-99B3-9EC9AB0EFCEA}.Debug|Win32.ActiveCfg = Debug|Win32
		{C48C27FD-D45C-369A-99B3-9EC9AB0EFCEA}.Debug|Win32.Build.0 = Debug|Win32
		{C48C27FD-D45C-369A-99B3-9EC9AB0EFCEA}.Release|Win32.ActiveCfg = Release|Win32
		{C48C27FD-D45C-369A-99B3-9EC9AB0EFCEA}.Release|Win32.Build.0 = Release|Win32
		{487E64C1-5DBE-4CD4-859E-EEA746DCAB5E}.Debug|Win32.ActiveCfg = Debug|Win32
		{487E64C1-5DBE-4CD4-859E-EEA746DCAB5E}.Debug|Win32.Build.0 = Debug|Win32
		{487E64C1-5DBE-4CD4-859E-EEA746DCAB5E}.Release|Win32.ActiveCfg = Release|Win32
		{487E64C1-5DBE-4CD4-859E-EEA746DCAB5E}.Release|Win32.Build.0 = Release|Win32
		{63AC4BAC-8518-4406-B6D4-A90C58429A9B}.Debug|Win32.ActiveCfg = Debug|Win32
		{63AC4BAC-8518-4406-B6D4-A90C58429A9B}.Debug|Win32.Build.0 = Debug|Win32
		{63AC4BAC-8518-4406-B6D4-A90C58429A9B}.Release|Win32.ActiveCfg = Release|Win32
		{63AC4BAC-8518-4406-B6D4-A90C58429A9B}.Release|Win32.Build.0 = Release|Win32
		{BAB581F8-8202-4C84-8487-40913ABBAAD1}.Debug|Win32.ActiveCfg = Debug|Win32
		{BAB581F8-8202-4C84-8487-40913ABBAAD1}.Debug|Win32.Build.0 = Debug|Win32
		{BAB581F8-8202-4C84-8487-40913ABBAAD1}.Release|Win32.ActiveCfg = Release|Win32
		{BAB581F8-8202-4C84-8487-40913ABBAAD1}.Release|Win32.Build.0 = Release|Win32
		{C83BC2B6-71FE-4698-9E9C-7C768C208F96}.Debug|Win32.ActiveCfg = Debug|Win32
		{C83BC2B6-71FE-4698-9E9C-7C768C208F96}.Debug|Win32.Build.0 = Debug|Win32
		{C83BC2B6-71FE-4698-9E9C-7C768C208F96}.Release|Win32.ActiveCfg = Release|Win32
		{C83BC2B6-71FE-4698-9E9C-7C768C208F96}.Release|Win32.Build.0 = Release|Win32
		{B5810ED8-6B78-372C-8219-E69F2930D198}.Debug|Win32.ActiveCfg = Debug|Win32
		{B5810ED8-6B78-372C-8219-E69F2930D198}.Debug|Win32.Build.0 = Debug|Win32
		{B5810ED8-6B78-372C-8219-E69F2930D198}.Release|Win32.ActiveCfg = Release|Win32
		{B5810ED8-6B78-372C-8219-E69F2930D198}.Release|Win32.Build.0 = Release|Win32
		{C2907DDF-9167-470E-9B98-F5763D6642B4}.Debug|Win32.ActiveCfg = Debug|Win32
		{C2907DDF-9167-470E-9B98-F5763D6642B4}.Debug|Win32.Build.0 = Debug|Win32
		{C2907DDF-9167-470E-9B98-F5763D6642B4}.Release|Win32.ActiveCfg = Release|Win32
		{C2907DDF-9167-470E-9B98-F5763D6642B4}.Release|Win32.Build.0 = Release|Win32
		{8D4CD91E-DDE3-4474-9BE0-7F7D3CE7A76C}.Debug|Win32.ActiveCfg = Debug|Win32
		{8D4CD91E-DDE3-4474-9BE0-7F7D3CE7A76C}.Debug|Win32.Build.0 = Debug|Win32
		{8D4CD91E-DDE3-4474-9BE0-7F7D3CE7A76C}.Release|Win32.ActiveCfg = Release|Win32
		{8D4CD91E-DDE3-4474-9BE0-7F7D3CE7A76C}.Release|Win32.Build.0 = Release|Win32
		{5401D306-1B7D-4F8E-BFFF-399F790B350A}.Debug|Win32.ActiveCfg = Debug|Win32
		{5401D306-1B7D-4F8E-BFFF-399F790B350A}.Debug|Win32.Build.0 = Debug|Win32
		{5401D306-1B7D-4F8E-BFFF-399F790B350A}.Release|Win32.ActiveCfg = Release|Win32
		{5401D306-1B7D-4F8E-BFFF-399F790B350A}.Release|Win32.Build.0 = Release|Win32
		{B4C83B2D-0349-488A-A7B3-90947C096586}.Debug|Win32.ActiveCfg = Debug|Win32
		{B4C83B2D-0349-488A-A7B3-90947C096586}.Debug|Win32.Build.0 = Debug|Win32
		{B4C83B2D-0349-488A-A7B3-90947C096586}.Release|Win32.ActiveCfg = Release|Win32
		{B4C83B2D-0349-488A-A7B3-90947C096586}.Release|Win32.Build.0 = Release|Win32
		{96953281-5450-4347-8DA4-2DAC3FCB93ED}.Debug|Win32.ActiveCfg = Debug|Win32
		{96953281-5450-4347-8DA4-2DAC3FCB93ED}.Debug|Win32.Build.0 = Debug|Win32
		{96953281-5450-4347-8DA4-2DAC3FCB93ED}.Release|Win32.ActiveCfg = Release|Win32
		{96953281-5450-4347-8DA4-2DAC3FCB93ED}.Release|Win32.Build.0 = Release|Win32
		{13E4B0D2-D37F-4428-8EB2-6FBCAC015306}.Debug|Win32.ActiveCfg = Debug|Win32
		{13E4B0D2-D37F-4428-8EB2-6FBCAC015306}.Debug|Win32.Build.0 = Debug|Win32
		{13E4B0D2-D37F-4428-8EB2-6FBCAC015306}.Release|Win32.ActiveCfg = Release|Win32
		{13E4B0D2-D37F-4428-8EB2-6FBCAC015306}.Release|Win32.Build.0 = Release|Win32
		{6A27DDFA-1D45-45E6-940E-5A6915C8EEEA}.Debug|Win32.ActiveCfg = Debug|Win32
		{6A27DDFA-1D45-45E6-940E-5A6915C8EEEA}.Debug|Win32.Build.0 = Debug|Win32
		{6A27DDFA-1D45-45E6-940E-5A6915C8EEEA}.Release|Win32.ActiveCfg = Release|Win32
		{6A27DDFA-1D45-45E6-940E-5A6915C8EEEA}.Release|Win32.Build.0 = Release|Win32
		{49374796-38C8-437C-9064-935460189326}.Debug|Win32.ActiveCfg = Debug|Win32
		{49374796-38C8-437C-9064-935460189326}.Debug|Win32.Build.0 = Debug|Win32
		{49374796-38C8-437C-9064-935460189326}.Release|Win32.ActiveCfg = Release|Win32
		{49374796-38C8-437C-9064-935460189326}.Release|Win32.Build.0 = Release|Win32
		{06F3103F-4D65-44F1-A295-C90B7BBEDFB8}.Debug|Win32.ActiveCfg = Debug|Win32
		{06F3103F-4D65-44F1-A295-C90B7BBEDFB8}.Debug|Win32.Build.0 = Debug|Win32
		{06F3103F-4D65-44F1-A295-C90B7BBEDFB8}.Release|Win32.ActiveCfg = Release|Win32
		{06F3103F-4D65-44F1-A295-C90B7BBEDFB8}.Release|Win32.Build.0 = Release|Win32
		{B12702AD-ABFB-343A-A199-8E24837244A3}.Debug|Win32.ActiveCfg = Debug|Win32
		{B12702AD-ABFB-343A-A199-8E24837244A3}.Debug|Win32.Build.0 = Debug|Win32
		{B12702AD-ABFB-343A-A199-8E24837244A3}.Release|Win32.ActiveCfg = Release|Win32
		{B12702AD-ABFB-343A-A199-8E24837244A3}.Release|Win32.Build.0 = Release|Win32
		{95BACE40-142E-4737-BF5C-BE9E0962A6E9}.Debug|Win32.ActiveCfg = Debug|Win32
		{95BACE40-142E-4737-BF5C-BE9E0962A6E9}.Debug|Win32.Build.0 = Debug|Win32
		{95BACE40-142E-4737-BF5C-BE9E0962A6E9}.Release|Win32.ActiveCfg = Release|Win32
		{95BACE40-142E-4737-BF5C-BE9E0962A6E9}.Release|Win32.Build.0 = Release|Win32
		{4753D094-773D-43B1-82B7-9AAE76A52306}.Debug|Win32.ActiveCfg = Debug|Win32
		{4753D094-773D-43B1-82B7-9AAE76A52306}.Debug|Win32.Build.0 = Debug|Win32
		{4753D094-773D-43B1-82B7-9AAE76A52306}.Release|Win32.ActiveCfg = Release|Win32
		{4753D094-773D-43B1-82B7-9AAE76A52306}.Release|Win32.Build.0 = Release|Win32
		{1A6FB300-9A9B-4758-9C8F-DA0CA089749C}.Debug|Win32.ActiveCfg = Debug|Win32
		{1A6FB300-9A9B-4758-9C8F-DA0CA089749C}.Debug|Win32.Build.0 = Debug|Win32
		{1A6FB300-9A9B-4758-9C8F-DA0CA089749C}.Release|Win32.ActiveCfg = Release|Win32
		{1A6FB300-9A9B-4758-9C8F-DA0CA089749C}.Release|Win32.Build.0 = Release|Win32
		{7931BB7C-D5B8-483E-B713-F871F580969D}.Debug|Win32.ActiveCfg = Debug|Win32
		{7931BB7C-D5B8-483E-B713-F871F580969D}.Debug|Win32.Build.0 = Debug|Win32
		{7931BB7C-D5B8-483E-B713-F871F580969D}.Release|Win32.ActiveCfg = Release|Win32
		{7931BB7C-D5B8-483E-B713-F871F580969D}.Release|Win32.Build.0 = Release|Win32
		{B7C4ADA6-A494-4630-889A-547388EB8157}.Debug|Win32.ActiveCfg = Debug|Win32
		{B7C4ADA6-A494-4630-889A-547388EB8157}.Debug|Win32.Build.0 = Debug|Win32
		{B7C4ADA6-A494-4630-889A-547388EB8157}.Release|Win32.ActiveCfg = Release|Win32
		{B7C4ADA6-A494-4630-889A-547388EB8157}.Release|Win32.Build.0 = Release|Win32
	EndGlobalSection
	GlobalSection(SolutionProperties) = preSolution
		HideSolutionNode = FALSE
	EndGlobalSection
	GlobalSection(NestedProjects) = preSolution
		{FB14F684-C4C6-413A-8030-B225218A9FF4} = {261E18AF-21A7-4C7A-B955-52B628CE2408}
		{A0E7753D-01E9-46DE-A0DD-EEE269D785BA} = {261E18AF-21A7-4C7A-B955-52B628CE2408}
		{DF8C105F-C6A9-4799-B008-5410D5F3FEFF} = {261E18AF-21A7-4C7A-B955-52B628CE2408}
		{D11A0514-CD6E-499C-99DC-25A0A07311FD} = {4EC13F7A-87CF-4C0B-A74B-B418D6651639}
		{C48C27FD-D45C-369A-99B3-9EC9AB0EFCEA} = {4EC13F7A-87CF-4C0B-A74B-B418D6651639}
		{487E64C1-5DBE-4CD4-859E-EEA746DCAB5E} = {4EC13F7A-87CF-4C0B-A74B-B418D6651639}
		{63AC4BAC-8518-4406-B6D4-A90C58429A9B} = {4EC13F7A-87CF-4C0B-A74B-B418D6651639}
		{BAB581F8-8202-4C84-8487-40913ABBAAD1} = {4EC13F7A-87CF-4C0B-A74B-B418D6651639}
		{C83BC2B6-71FE-4698-9E9C-7C768C208F96} = {4EC13F7A-87CF-4C0B-A74B-B418D6651639}
		{B5810ED8-6B78-372C-8219-E69F2930D198} = {4EC13F7A-87CF-4C0B-A74B-B418D6651639}
		{C2907DDF-9167-470E-9B98-F5763D6642B4} = {06ADD507-160E-40E4-BFE3-01488D6E06E3}
		{8D4CD91E-DDE3-4474-9BE0-7F7D3CE7A76C} = {06ADD507-160E-40E4-BFE3-01488D6E06E3}
		{5401D306-1B7D-4F8E-BFFF-399F790B350A} = {06ADD507-160E-40E4-BFE3-01488D6E06E3}
		{B4C83B2D-0349-488A-A7B3-90947C096586} = {06ADD507-160E-40E4-BFE3-01488D6E06E3}
		{96953281-5450-4347-8DA4-2DAC3FCB93ED} = {06ADD507-160E-40E4-BFE3-01488D6E06E3}
		{13E4B0D2-D37F-4428-8EB2-6FBCAC015306} = {06ADD507-160E-40E4-BFE3-01488D6E06E3}
		{6A27DDFA-1D45-45E6-940E-5A6915C8EEEA} = {06ADD507-160E-40E4-BFE3-01488D6E06E3}
		{49374796-38C8-437C-9064-935460189326} = {06ADD507-160E-40E4-BFE3-01488D6E06E3}
		{06F3103F-4D65-44F1-A295-C90B7BBEDFB8} = {06ADD507-160E-40E4-BFE3-01488D6E06E3}
		{95BACE40-142E-4737-BF5C-BE9E0962A6E9} = {06ADD507-160E-40E4-BFE3-01488D6E06E3}
		{4753D094-773D-43B1-82B7-9AAE76A52306} = {06ADD507-160E-40E4-BFE3-01488D6E06E3}
		{1A6FB300-9A9B-4758-9C8F-DA0CA089749C} = {06ADD507-160E-40E4-BFE3-01488D6E06E3}
		{7931BB7C-D5B8-483E-B713-F871F580969D} = {06ADD507-160E-40E4-BFE3-01488D6E06E3}
		{B7C4ADA6-A494-4630-889A-547388EB8157} = {06ADD507-160E-40E4-BFE3-01488D6E06E3}
	EndGlobalSection
EndGlobal
