<?xml version="1.0" encoding="utf-8"?>
<Project ToolsVersion="4.0" xmlns="http://schemas.microsoft.com/developer/msbuild/2003">
  <ItemGroup>
    <Filter Include="Source Files">
      <UniqueIdentifier>{942bf64d-65b6-4c0e-8ee5-3c134d4d69a0}</UniqueIdentifier>
    </Filter>
    <Filter Include="Header Files">
      <UniqueIdentifier>{380e21a2-ba9f-445d-9173-7e0ce3a238d5}</UniqueIdentifier>
    </Filter>
  </ItemGroup>
  <ItemGroup>
    <ClInclude Include="get-graphics-offsets.h">
      <Filter>Header Files</Filter>
    </ClInclude>
    <ClInclude Include="..\graphics-hook-info.h">
      <Filter>Header Files</Filter>
    </ClInclude>
    <ClInclude Include="..\hook-helpers.h">
      <Filter>Header Files</Filter>
    </ClInclude>
  </ItemGroup>
  <ItemGroup>
    <ClCompile Include="d3d8-offsets.cpp">
      <Filter>Source Files</Filter>
    </ClCompile>
    <ClCompile Include="d3d9-offsets.cpp">
      <Filter>Source Files</Filter>
    </ClCompile>
    <ClCompile Include="dxgi-offsets.cpp">
      <Filter>Source Files</Filter>
    </ClCompile>
    <ClCompile Include="get-graphics-offsets.c">
      <Filter>Source Files</Filter>
    </ClCompile>
  </ItemGroup>
</Project>