<?xml version="1.0" encoding="utf-8"?>
<Project ToolsVersion="4.0" xmlns="http://schemas.microsoft.com/developer/msbuild/2003">
  <ItemGroup>
    <Filter Include="Source Files">
      <UniqueIdentifier>{7df72f49-9fb5-4011-a046-9177822a171a}</UniqueIdentifier>
    </Filter>
    <Filter Include="Header Files">
      <UniqueIdentifier>{fec1953a-29ea-4a2a-8d25-3e67cb8699dd}</UniqueIdentifier>
    </Filter>
  </ItemGroup>
  <ItemGroup>
    <ClCompile Include="d3d8-capture.cpp">
      <Filter>Source Files</Filter>
    </ClCompile>
    <ClCompile Include="d3d9-capture.cpp">
      <Filter>Source Files</Filter>
    </ClCompile>
    <ClCompile Include="d3d10-capture.cpp">
      <Filter>Source Files</Filter>
    </ClCompile>
    <ClCompile Include="d3d11-capture.cpp">
      <Filter>Source Files</Filter>
    </ClCompile>
    <ClCompile Include="d3d12-capture.cpp">
      <Filter>Source Files</Filter>
    </ClCompile>
    <ClCompile Include="dxgi-capture.cpp">
      <Filter>Source Files</Filter>
    </ClCompile>
    <ClCompile Include="gl-capture.c">
      <Filter>Source Files</Filter>
    </ClCompile>
    <ClCompile Include="graphics-hook.c">
      <Filter>Source Files</Filter>
    </ClCompile>
    <ClCompile Include="..\funchook.c">
      <Filter>Source Files</Filter>
    </ClCompile>
    <ClCompile Include="..\obfuscate.c">
      <Filter>Source Files</Filter>
    </ClCompile>
  </ItemGroup>
  <ItemGroup>
    <ClInclude Include="d3d9-patches.hpp">
      <Filter>Header Files</Filter>
    </ClInclude>
    <ClInclude Include="gl-decs.h">
      <Filter>Header Files</Filter>
    </ClInclude>
    <ClInclude Include="graphics-hook.h">
      <Filter>Header Files</Filter>
    </ClInclude>
    <ClInclude Include="..\graphics-hook-info.h">
      <Filter>Header Files</Filter>
    </ClInclude>
    <ClInclude Include="..\hook-helpers.h">
      <Filter>Header Files</Filter>
    </ClInclude>
    <ClInclude Include="..\obfuscate.h">
      <Filter>Header Files</Filter>
    </ClInclude>
    <ClInclude Include="..\funchook.h">
      <Filter>Header Files</Filter>
    </ClInclude>
    <ClInclude Include="graphics-hook-config.h">
      <Filter>Header Files</Filter>
    </ClInclude>
  </ItemGroup>
</Project>